{
  "name": "libway-shop",
  "lockfileVersion": 3,
  "requires": true,
  "packages": {
    "": {
      "name": "libway-shop",
      "dependencies": {
        "nodemailer": "^10.0.14"
      }
    },
    "node_modules/nodemailer": {
      "version": "10.0.14",
      "resolved": "https://registry.npmjs.org/nodemailer/-/nodemailer-10.0.14.tgz",
      "integrity": "sha512-eJoLFKg55fesSlzUekmfOv/SBXh4KUYT8oiQc2RLP0tfG0rbNMJBK7wgHJwXTJwqyKlSJMz9UzDZ4v+aHEvo8g==",
      "license": "MIT-0",
      "engines": {
        "node": ">=20.0.0"
      }
    }
  }
}
